{
  "version": 4,
  "terraform_version": "1.5.7",
  "serial": 3,
  "lineage": "2a12773b-150f-09b5-9006-68ddde58d856",
  "outputs": {},
  "resources": [
    {
      "mode": "managed",
      "type": "vultr_instance",
      "name": "ubuntu_server",
      "provider": "provider[\"registry.terraform.io/vultr/vultr\"]",
      "instances": [
        {
          "index_key": 0,
          "schema_version": 0,
          "attributes": {
            "activation_email": true,
            "allowed_bandwidth": 1,
            "app_id": 0,
            "backups": "disabled",
            "backups_schedule": [],
            "date_created": "2023-09-27T05:44:28+00:00",
            "ddos_protection": false,
            "default_password": "Na7.Z,r?VTxgEQ4C",
            "disk": 25,
            "enable_ipv6": true,
            "enable_private_network": false,
            "features": [
              "ipv6"
            ],
            "firewall_group_id": "",
            "gateway_v4": "104.156.232.1",
            "hostname": null,
            "id": "7d9278f0-12b8-4f6f-8d2c-47cabe1c23a2",
            "internal_ip": "",
            "iso_id": null,
            "kvm": "https://my.vultr.com/subs/vps/novnc/api.php?data=djJ8UEx4b2VFWk9kZmY5bkU2S0ZpZFpHWWpfb2VCNlBTTDV8_CO5TVocxJi4iPbHWWoXxAHqumIDmFviDev30mjqn85LB0I_DncnCjH8zhde3g_UKEY4hGj6sYp0KwvCLrqvnXuh18YgAm5UFPxzfjHozbzSiheXFxO89UAPFyVE02MmhaJ6y4ewFoBdLknLAkIy8iR7Ga3NLvegYmERx7SrPXCoKM4QQoaVHXSw4Hvjlr-GifxKdWkhm4hh_aT-Hi870Ws",
            "label": "ubuntu-server-0",
            "main_ip": "104.156.233.179",
            "netmask_v4": "255.255.254.0",
            "os": "Ubuntu 20.04 LTS x64",
            "os_id": 387,
            "plan": "vc2-1c-1gb",
            "power_status": "running",
            "private_network_ids": null,
            "ram": 1024,
            "region": "syd",
            "reserved_ip_id": null,
            "script_id": null,
            "server_status": "installingbooting",
            "snapshot_id": null,
            "ssh_key_ids": null,
            "status": "active",
            "tag": "my_servers",
            "user_data": null,
            "v6_main_ip": "2001:19f0:5801:09c9:5400:04ff:fe96:f132",
            "v6_network": "2001:19f0:5801:9c9::",
            "v6_network_size": 64,
            "vcpu_count": 1
          },
          "sensitive_attributes": [],
          "private": "bnVsbA=="
        },
        {
          "index_key": 1,
          "schema_version": 0,
          "attributes": {
            "activation_email": true,
            "allowed_bandwidth": 1,
            "app_id": 0,
            "backups": "disabled",
            "backups_schedule": [],
            "date_created": "2023-09-27T05:44:28+00:00",
            "ddos_protection": false,
            "default_password": "8Fc{Lyv.?LwM9EH]",
            "disk": 25,
            "enable_ipv6": true,
            "enable_private_network": false,
            "features": [
              "ipv6"
            ],
            "firewall_group_id": "",
            "gateway_v4": "45.77.234.1",
            "hostname": null,
            "id": "f9c55c22-cf83-4d27-aa9c-275c51a17763",
            "internal_ip": "",
            "iso_id": null,
            "kvm": "https://my.vultr.com/subs/vps/novnc/api.php?data=djJ8R0xQYWRtWHcwZkRLZ1c3eWZ5RnVaVllmamtpa25WeDR80N4DBbwx1E9hWNTIv0R9h1CRXMsspb-UQ8JXzY69xkFp6Am5I97NEeYOAPp7XiN8nGPvjYRZVUG6zkpkq4SaG280ebQhUdxR88katUHDDFx5icVho6DX1t662YuypE5w0zRREgKnI948GK6eP910DSn5IlQb3T9xyt56qlRA_IyZ5naDJZBgS8nKH-49fUCFXk6b0f90EfEFLynZfo6yubk",
            "label": "ubuntu-server-1",
            "main_ip": "45.77.234.76",
            "netmask_v4": "255.255.254.0",
            "os": "Ubuntu 20.04 LTS x64",
            "os_id": 387,
            "plan": "vc2-1c-1gb",
            "power_status": "running",
            "private_network_ids": null,
            "ram": 1024,
            "region": "syd",
            "reserved_ip_id": null,
            "script_id": null,
            "server_status": "installingbooting",
            "snapshot_id": null,
            "ssh_key_ids": null,
            "status": "active",
            "tag": "my_servers",
            "user_data": null,
            "v6_main_ip": "2001:19f0:5801:0538:5400:04ff:fe96:f133",
            "v6_network": "2001:19f0:5801:538::",
            "v6_network_size": 64,
            "vcpu_count": 1
          },
          "sensitive_attributes": [],
          "private": "bnVsbA=="
        }
      ]
    }
  ],
  "check_results": null
}
